
Microsoft Visual Studio Solution File, Format Version 12.00
# Visual Studio 15
VisualStudioVersion = 15.0.28307.271
MinimumVisualStudioVersion = 10.0.40219.1
Project("{FAE04EC0-301F-11D3-BF4B-00C04F79EFBC}") = "LootGenerator", "LootGenerator\LootGenerator.csproj", "{C33A7CA5-5954-4E2A-AA88-1665A646701B}"
EndProject
Global
	GlobalSection(SolutionConfigurationPlatforms) = preSolution
		Debug|Any CPU = Debug|Any CPU
		Release|Any CPU = Release|Any CPU
	EndGlobalSection
	GlobalSection(ProjectConfigurationPlatforms) = postSolution
		{C33A7CA5-5954-4E2A-AA88-1665A646701B}.Debug|Any CPU.ActiveCfg = Debug|Any CPU
		{C33A7CA5-5954-4E2A-AA88-1665A646701B}.Debug|Any CPU.Build.0 = Debug|Any CPU
		{C33A7CA5-5954-4E2A-AA88-1665A646701B}.Release|Any CPU.ActiveCfg = Release|Any CPU
		{C33A7CA5-5954-4E2A-AA88-1665A646701B}.Release|Any CPU.Build.0 = Release|Any CPU
	EndGlobalSection
	GlobalSection(SolutionProperties) = preSolution
		HideSolutionNode = FALSE
	EndGlobalSection
	GlobalSection(ExtensibilityGlobals) = postSolution
		SolutionGuid = {C0A02EF5-384B-4A36-BD39-B05063CF6B8F}
	EndGlobalSection
EndGlobal
